
Microsoft Visual Studio Solution File, Format Version 12.00
# Visual Studio Version 17
VisualStudioVersion = 17.9.34714.143
MinimumVisualStudioVersion = 10.0.40219.1
Project("{FAE04EC0-301F-11D3-BF4B-00C04F79EFBC}") = "agirlik_hesaplama", "agirlik_hesaplama\agirlik_hesaplama.csproj", "{B4CB0FA4-BA85-4EE0-9054-912906F72348}"
EndProject
Global
	GlobalSection(SolutionConfigurationPlatforms) = preSolution
		Debug|Any CPU = Debug|Any CPU
		Release|Any CPU = Release|Any CPU
	EndGlobalSection
	GlobalSection(ProjectConfigurationPlatforms) = postSolution
		{B4CB0FA4-BA85-4EE0-9054-912906F72348}.Debug|Any CPU.ActiveCfg = Debug|Any CPU
		{B4CB0FA4-BA85-4EE0-9054-912906F72348}.Debug|Any CPU.Build.0 = Debug|Any CPU
		{B4CB0FA4-BA85-4EE0-9054-912906F72348}.Release|Any CPU.ActiveCfg = Release|Any CPU
		{B4CB0FA4-BA85-4EE0-9054-912906F72348}.Release|Any CPU.Build.0 = Release|Any CPU
	EndGlobalSection
	GlobalSection(SolutionProperties) = preSolution
		HideSolutionNode = FALSE
	EndGlobalSection
	GlobalSection(ExtensibilityGlobals) = postSolution
		SolutionGuid = {4A99529C-5470-41B7-92CE-BEDE342E9769}
	EndGlobalSection
EndGlobal
